
Microsoft Visual Studio Solution File, Format Version 12.00
# Visual Studio 2013
VisualStudioVersion = 12.0.30324.0
MinimumVisualStudioVersion = 10.0.40219.1
Project("{FAE04EC0-301F-11D3-BF4B-00C04F79EFBC}") = "DynamicData Provider", "DynamicData Provider\DynamicData Provider.csproj", "{0B767FC6-7469-4B12-9F14-0625DE61A7EA}"
EndProject
Project("{FAE04EC0-301F-11D3-BF4B-00C04F79EFBC}") = "EntityDataSourceControl", "EntityDataSourceControl\EntityDataSourceControl.csproj", "{94C4C990-DCD2-49E4-9F4B-883D08FA0923}"
EndProject
Global
	GlobalSection(SolutionConfigurationPlatforms) = preSolution
		Debug|Any CPU = Debug|Any CPU
		Release|Any CPU = Release|Any CPU
	EndGlobalSection
	GlobalSection(ProjectConfigurationPlatforms) = postSolution
		{0B767FC6-7469-4B12-9F14-0625DE61A7EA}.Debug|Any CPU.ActiveCfg = Debug|Any CPU
		{0B767FC6-7469-4B12-9F14-0625DE61A7EA}.Debug|Any CPU.Build.0 = Debug|Any CPU
		{0B767FC6-7469-4B12-9F14-0625DE61A7EA}.Release|Any CPU.ActiveCfg = Release|Any CPU
		{0B767FC6-7469-4B12-9F14-0625DE61A7EA}.Release|Any CPU.Build.0 = Release|Any CPU
		{94C4C990-DCD2-49E4-9F4B-883D08FA0923}.Debug|Any CPU.ActiveCfg = Debug|Any CPU
		{94C4C990-DCD2-49E4-9F4B-883D08FA0923}.Debug|Any CPU.Build.0 = Debug|Any CPU
		{94C4C990-DCD2-49E4-9F4B-883D08FA0923}.Release|Any CPU.ActiveCfg = Release|Any CPU
		{94C4C990-DCD2-49E4-9F4B-883D08FA0923}.Release|Any CPU.Build.0 = Release|Any CPU
	EndGlobalSection
	GlobalSection(SolutionProperties) = preSolution
		HideSolutionNode = FALSE
	EndGlobalSection
EndGlobal
